
Microsoft Visual Studio Solution File, Format Version 12.00
# Visual Studio Version 17
VisualStudioVersion = 17.5.002.0
MinimumVisualStudioVersion = 10.0.40219.1
Project("{FAE04EC0-301F-11D3-BF4B-00C04F79EFBC}") = "BootcampDotNet.Common", "BootcampDotNet.Common\BootcampDotNet.Common.csproj", "{7CF09DEC-EBA9-47E1-A2A9-201880F24DC8}"
EndProject
Project("{FAE04EC0-301F-11D3-BF4B-00C04F79EFBC}") = "BootcampExemplos", "BootcampExemplos\BootcampExemplos.csproj", "{E741C5A5-7A2A-4105-A259-654347831A69}"
EndProject
Project("{FAE04EC0-301F-11D3-BF4B-00C04F79EFBC}") = "BootcampDotNet", "BootcampDotNet\BootcampDotNet.csproj", "{57A735BD-035C-4938-8FBF-497898754CBF}"
EndProject
Global
	GlobalSection(SolutionConfigurationPlatforms) = preSolution
		Debug|Any CPU = Debug|Any CPU
		Release|Any CPU = Release|Any CPU
	EndGlobalSection
	GlobalSection(ProjectConfigurationPlatforms) = postSolution
		{7CF09DEC-EBA9-47E1-A2A9-201880F24DC8}.Debug|Any CPU.ActiveCfg = Debug|Any CPU
		{7CF09DEC-EBA9-47E1-A2A9-201880F24DC8}.Debug|Any CPU.Build.0 = Debug|Any CPU
		{7CF09DEC-EBA9-47E1-A2A9-201880F24DC8}.Release|Any CPU.ActiveCfg = Release|Any CPU
		{7CF09DEC-EBA9-47E1-A2A9-201880F24DC8}.Release|Any CPU.Build.0 = Release|Any CPU
		{E741C5A5-7A2A-4105-A259-654347831A69}.Debug|Any CPU.ActiveCfg = Debug|Any CPU
		{E741C5A5-7A2A-4105-A259-654347831A69}.Debug|Any CPU.Build.0 = Debug|Any CPU
		{E741C5A5-7A2A-4105-A259-654347831A69}.Release|Any CPU.ActiveCfg = Release|Any CPU
		{E741C5A5-7A2A-4105-A259-654347831A69}.Release|Any CPU.Build.0 = Release|Any CPU
		{57A735BD-035C-4938-8FBF-497898754CBF}.Debug|Any CPU.ActiveCfg = Debug|Any CPU
		{57A735BD-035C-4938-8FBF-497898754CBF}.Debug|Any CPU.Build.0 = Debug|Any CPU
		{57A735BD-035C-4938-8FBF-497898754CBF}.Release|Any CPU.ActiveCfg = Release|Any CPU
		{57A735BD-035C-4938-8FBF-497898754CBF}.Release|Any CPU.Build.0 = Release|Any CPU
	EndGlobalSection
	GlobalSection(SolutionProperties) = preSolution
		HideSolutionNode = FALSE
	EndGlobalSection
	GlobalSection(ExtensibilityGlobals) = postSolution
		SolutionGuid = {244EB0CB-29F2-4392-8A19-41AB71CB61D0}
	EndGlobalSection
EndGlobal
